
Microsoft Visual Studio Solution File, Format Version 12.00
# Visual Studio Version 17
VisualStudioVersion = 17.7.34009.444
MinimumVisualStudioVersion = 10.0.40219.1
Project("{9A19103F-16F7-4668-BE54-9A1E7A4F7556}") = "Human Player", "Human Player\Human Player.csproj", "{1983C506-0C61-4FE7-81B0-9B806B52D4BF}"
EndProject
Project("{9A19103F-16F7-4668-BE54-9A1E7A4F7556}") = "Computer Player", "Computer Player\Computer Player.csproj", "{36F745EE-0357-446D-A344-139338317BCA}"
EndProject
Project("{2150E333-8FDC-42A3-9474-1A3956D46DE8}") = "Message System", "Message System", "{9B77AC4D-D48C-4846-81D5-2849BC536BFF}"
EndProject
Project("{9A19103F-16F7-4668-BE54-9A1E7A4F7556}") = "Canonical Data Model", "Match Data Model\Canonical Data Model.csproj", "{613849F3-7CD4-43C8-84CB-712DF05FC61C}"
EndProject
Project("{9A19103F-16F7-4668-BE54-9A1E7A4F7556}") = "Message Router", "Message Router\Message Router.csproj", "{222BADA9-6926-441E-99F2-1E56989489B5}"
EndProject
Project("{9A19103F-16F7-4668-BE54-9A1E7A4F7556}") = "Message Content Enricher", "Message Content Enricher\Message Content Enricher.csproj", "{92672234-DCD4-410E-8CE0-5F9ADD6F914B}"
EndProject
Project("{9A19103F-16F7-4668-BE54-9A1E7A4F7556}") = "Message Channel", "Message Channel\Message Channel.csproj", "{CB513B4C-AE7C-4CF0-A501-392CD3ECE544}"
EndProject
Project("{9A19103F-16F7-4668-BE54-9A1E7A4F7556}") = "Message Channel Factory", "Message Channel Factory\Message Channel Factory.csproj", "{A69AEB25-0BD2-46D5-B037-1DC4C80CB597}"
EndProject
Project("{9A19103F-16F7-4668-BE54-9A1E7A4F7556}") = "Message Transformation", "Message Transformation\Message Transformation.csproj", "{F30B40F9-AC67-4B6D-A6E1-21DFCD9E6037}"
EndProject
Project("{2150E333-8FDC-42A3-9474-1A3956D46DE8}") = "Recipient", "Recipient", "{14F68359-6F9C-4F04-8CE8-8F390EBCE5D2}"
EndProject
Project("{2150E333-8FDC-42A3-9474-1A3956D46DE8}") = "Player", "Player", "{078EAA4D-5DC9-4AB0-84EC-B911EC43A1D5}"
EndProject
Project("{2150E333-8FDC-42A3-9474-1A3956D46DE8}") = "Arbiter", "Arbiter", "{A122E35E-1E13-44A1-BC32-F6614037FB5B}"
EndProject
Project("{9A19103F-16F7-4668-BE54-9A1E7A4F7556}") = "Decision Arbiter", "Move Arbiter\Decision Arbiter.csproj", "{6E0CCB21-CABF-466E-810B-4A3DAA61D22D}"
EndProject
Project("{9A19103F-16F7-4668-BE54-9A1E7A4F7556}") = "Message Receiver", "Message Recipient\Message Receiver.csproj", "{50C36B63-7E22-4F4C-A5FB-1733A9869B45}"
EndProject
Project("{2150E333-8FDC-42A3-9474-1A3956D46DE8}") = "Message Transformation", "Message Transformation", "{6584D98A-8382-404B-A6CF-22ABC93CD91D}"
EndProject
Project("{2150E333-8FDC-42A3-9474-1A3956D46DE8}") = "Message Routing", "Message Routing", "{CB70845D-572D-40F5-BDBE-BDA4D9C62F29}"
EndProject
Project("{2150E333-8FDC-42A3-9474-1A3956D46DE8}") = "Message Channel", "Message Channel", "{ACE3E04F-695D-4E21-B2F8-8F2DC84FED10}"
EndProject
Project("{2150E333-8FDC-42A3-9474-1A3956D46DE8}") = "Message Construction", "Message Construction", "{C05B8496-2205-4388-B461-8E954F6624D9}"
EndProject
Project("{9A19103F-16F7-4668-BE54-9A1E7A4F7556}") = "Match", "Match\Match.csproj", "{5CAA5F46-FCA3-454C-A0F6-2506A592DC59}"
EndProject
Project("{2150E333-8FDC-42A3-9474-1A3956D46DE8}") = "Message Endpoint", "Message Endpoint", "{2A216AF0-CAD0-43F5-BBD3-16DD3BAA3475}"
EndProject
Project("{9A19103F-16F7-4668-BE54-9A1E7A4F7556}") = "Message Dispatcher", "Message Dispatcher\Message Dispatcher.csproj", "{1C232DAE-965C-4C2F-95C7-035A0AB8BEE6}"
EndProject
Project("{9A19103F-16F7-4668-BE54-9A1E7A4F7556}") = "Dynamic Router", "Dynamic Router\Dynamic Router.csproj", "{C162DBB9-0133-48BD-94C5-2BC5EE9E178B}"
EndProject
Project("{9A19103F-16F7-4668-BE54-9A1E7A4F7556}") = "Message", "Message\Message.csproj", "{734F7F6A-7D2E-4FAC-AFF1-455ED6CAB43D}"
EndProject
Project("{9A19103F-16F7-4668-BE54-9A1E7A4F7556}") = "Correlation Identifier", "Correlation Identifier\Correlation Identifier.csproj", "{5E28C7CF-5F72-4DBC-BC1E-08DCF7E76630}"
EndProject
Project("{9A19103F-16F7-4668-BE54-9A1E7A4F7556}") = "Test Project", "Unit Tests for Analyzer of Computer Player\Test Project.csproj", "{21F24DAD-6A0B-4F0B-A87B-DCBBF00FAE5C}"
EndProject
Global
	GlobalSection(SolutionConfigurationPlatforms) = preSolution
		Debug|Any CPU = Debug|Any CPU
		Release|Any CPU = Release|Any CPU
	EndGlobalSection
	GlobalSection(ProjectConfigurationPlatforms) = postSolution
		{1983C506-0C61-4FE7-81B0-9B806B52D4BF}.Debug|Any CPU.ActiveCfg = Debug|Any CPU
		{1983C506-0C61-4FE7-81B0-9B806B52D4BF}.Debug|Any CPU.Build.0 = Debug|Any CPU
		{1983C506-0C61-4FE7-81B0-9B806B52D4BF}.Release|Any CPU.ActiveCfg = Release|Any CPU
		{1983C506-0C61-4FE7-81B0-9B806B52D4BF}.Release|Any CPU.Build.0 = Release|Any CPU
		{36F745EE-0357-446D-A344-139338317BCA}.Debug|Any CPU.ActiveCfg = Debug|Any CPU
		{36F745EE-0357-446D-A344-139338317BCA}.Debug|Any CPU.Build.0 = Debug|Any CPU
		{36F745EE-0357-446D-A344-139338317BCA}.Release|Any CPU.ActiveCfg = Release|Any CPU
		{36F745EE-0357-446D-A344-139338317BCA}.Release|Any CPU.Build.0 = Release|Any CPU
		{613849F3-7CD4-43C8-84CB-712DF05FC61C}.Debug|Any CPU.ActiveCfg = Debug|Any CPU
		{613849F3-7CD4-43C8-84CB-712DF05FC61C}.Debug|Any CPU.Build.0 = Debug|Any CPU
		{613849F3-7CD4-43C8-84CB-712DF05FC61C}.Release|Any CPU.ActiveCfg = Release|Any CPU
		{613849F3-7CD4-43C8-84CB-712DF05FC61C}.Release|Any CPU.Build.0 = Release|Any CPU
		{222BADA9-6926-441E-99F2-1E56989489B5}.Debug|Any CPU.ActiveCfg = Debug|Any CPU
		{222BADA9-6926-441E-99F2-1E56989489B5}.Debug|Any CPU.Build.0 = Debug|Any CPU
		{222BADA9-6926-441E-99F2-1E56989489B5}.Release|Any CPU.ActiveCfg = Release|Any CPU
		{222BADA9-6926-441E-99F2-1E56989489B5}.Release|Any CPU.Build.0 = Release|Any CPU
		{92672234-DCD4-410E-8CE0-5F9ADD6F914B}.Debug|Any CPU.ActiveCfg = Debug|Any CPU
		{92672234-DCD4-410E-8CE0-5F9ADD6F914B}.Debug|Any CPU.Build.0 = Debug|Any CPU
		{92672234-DCD4-410E-8CE0-5F9ADD6F914B}.Release|Any CPU.ActiveCfg = Release|Any CPU
		{92672234-DCD4-410E-8CE0-5F9ADD6F914B}.Release|Any CPU.Build.0 = Release|Any CPU
		{CB513B4C-AE7C-4CF0-A501-392CD3ECE544}.Debug|Any CPU.ActiveCfg = Debug|Any CPU
		{CB513B4C-AE7C-4CF0-A501-392CD3ECE544}.Debug|Any CPU.Build.0 = Debug|Any CPU
		{CB513B4C-AE7C-4CF0-A501-392CD3ECE544}.Release|Any CPU.ActiveCfg = Release|Any CPU
		{CB513B4C-AE7C-4CF0-A501-392CD3ECE544}.Release|Any CPU.Build.0 = Release|Any CPU
		{A69AEB25-0BD2-46D5-B037-1DC4C80CB597}.Debug|Any CPU.ActiveCfg = Debug|Any CPU
		{A69AEB25-0BD2-46D5-B037-1DC4C80CB597}.Debug|Any CPU.Build.0 = Debug|Any CPU
		{A69AEB25-0BD2-46D5-B037-1DC4C80CB597}.Release|Any CPU.ActiveCfg = Release|Any CPU
		{A69AEB25-0BD2-46D5-B037-1DC4C80CB597}.Release|Any CPU.Build.0 = Release|Any CPU
		{F30B40F9-AC67-4B6D-A6E1-21DFCD9E6037}.Debug|Any CPU.ActiveCfg = Debug|Any CPU
		{F30B40F9-AC67-4B6D-A6E1-21DFCD9E6037}.Debug|Any CPU.Build.0 = Debug|Any CPU
		{F30B40F9-AC67-4B6D-A6E1-21DFCD9E6037}.Release|Any CPU.ActiveCfg = Release|Any CPU
		{F30B40F9-AC67-4B6D-A6E1-21DFCD9E6037}.Release|Any CPU.Build.0 = Release|Any CPU
		{6E0CCB21-CABF-466E-810B-4A3DAA61D22D}.Debug|Any CPU.ActiveCfg = Debug|Any CPU
		{6E0CCB21-CABF-466E-810B-4A3DAA61D22D}.Debug|Any CPU.Build.0 = Debug|Any CPU
		{6E0CCB21-CABF-466E-810B-4A3DAA61D22D}.Release|Any CPU.ActiveCfg = Release|Any CPU
		{6E0CCB21-CABF-466E-810B-4A3DAA61D22D}.Release|Any CPU.Build.0 = Release|Any CPU
		{50C36B63-7E22-4F4C-A5FB-1733A9869B45}.Debug|Any CPU.ActiveCfg = Debug|Any CPU
		{50C36B63-7E22-4F4C-A5FB-1733A9869B45}.Debug|Any CPU.Build.0 = Debug|Any CPU
		{50C36B63-7E22-4F4C-A5FB-1733A9869B45}.Release|Any CPU.ActiveCfg = Release|Any CPU
		{50C36B63-7E22-4F4C-A5FB-1733A9869B45}.Release|Any CPU.Build.0 = Release|Any CPU
		{5CAA5F46-FCA3-454C-A0F6-2506A592DC59}.Debug|Any CPU.ActiveCfg = Debug|Any CPU
		{5CAA5F46-FCA3-454C-A0F6-2506A592DC59}.Debug|Any CPU.Build.0 = Debug|Any CPU
		{5CAA5F46-FCA3-454C-A0F6-2506A592DC59}.Release|Any CPU.ActiveCfg = Release|Any CPU
		{5CAA5F46-FCA3-454C-A0F6-2506A592DC59}.Release|Any CPU.Build.0 = Release|Any CPU
		{1C232DAE-965C-4C2F-95C7-035A0AB8BEE6}.Debug|Any CPU.ActiveCfg = Debug|Any CPU
		{1C232DAE-965C-4C2F-95C7-035A0AB8BEE6}.Debug|Any CPU.Build.0 = Debug|Any CPU
		{1C232DAE-965C-4C2F-95C7-035A0AB8BEE6}.Release|Any CPU.ActiveCfg = Release|Any CPU
		{1C232DAE-965C-4C2F-95C7-035A0AB8BEE6}.Release|Any CPU.Build.0 = Release|Any CPU
		{C162DBB9-0133-48BD-94C5-2BC5EE9E178B}.Debug|Any CPU.ActiveCfg = Debug|Any CPU
		{C162DBB9-0133-48BD-94C5-2BC5EE9E178B}.Debug|Any CPU.Build.0 = Debug|Any CPU
		{C162DBB9-0133-48BD-94C5-2BC5EE9E178B}.Release|Any CPU.ActiveCfg = Release|Any CPU
		{C162DBB9-0133-48BD-94C5-2BC5EE9E178B}.Release|Any CPU.Build.0 = Release|Any CPU
		{734F7F6A-7D2E-4FAC-AFF1-455ED6CAB43D}.Debug|Any CPU.ActiveCfg = Debug|Any CPU
		{734F7F6A-7D2E-4FAC-AFF1-455ED6CAB43D}.Debug|Any CPU.Build.0 = Debug|Any CPU
		{734F7F6A-7D2E-4FAC-AFF1-455ED6CAB43D}.Release|Any CPU.ActiveCfg = Release|Any CPU
		{734F7F6A-7D2E-4FAC-AFF1-455ED6CAB43D}.Release|Any CPU.Build.0 = Release|Any CPU
		{5E28C7CF-5F72-4DBC-BC1E-08DCF7E76630}.Debug|Any CPU.ActiveCfg = Debug|Any CPU
		{5E28C7CF-5F72-4DBC-BC1E-08DCF7E76630}.Debug|Any CPU.Build.0 = Debug|Any CPU
		{5E28C7CF-5F72-4DBC-BC1E-08DCF7E76630}.Release|Any CPU.ActiveCfg = Release|Any CPU
		{5E28C7CF-5F72-4DBC-BC1E-08DCF7E76630}.Release|Any CPU.Build.0 = Release|Any CPU
		{21F24DAD-6A0B-4F0B-A87B-DCBBF00FAE5C}.Debug|Any CPU.ActiveCfg = Debug|Any CPU
		{21F24DAD-6A0B-4F0B-A87B-DCBBF00FAE5C}.Debug|Any CPU.Build.0 = Debug|Any CPU
		{21F24DAD-6A0B-4F0B-A87B-DCBBF00FAE5C}.Release|Any CPU.ActiveCfg = Release|Any CPU
		{21F24DAD-6A0B-4F0B-A87B-DCBBF00FAE5C}.Release|Any CPU.Build.0 = Release|Any CPU
	EndGlobalSection
	GlobalSection(SolutionProperties) = preSolution
		HideSolutionNode = FALSE
	EndGlobalSection
	GlobalSection(NestedProjects) = preSolution
		{1983C506-0C61-4FE7-81B0-9B806B52D4BF} = {078EAA4D-5DC9-4AB0-84EC-B911EC43A1D5}
		{36F745EE-0357-446D-A344-139338317BCA} = {078EAA4D-5DC9-4AB0-84EC-B911EC43A1D5}
		{222BADA9-6926-441E-99F2-1E56989489B5} = {CB70845D-572D-40F5-BDBE-BDA4D9C62F29}
		{92672234-DCD4-410E-8CE0-5F9ADD6F914B} = {6584D98A-8382-404B-A6CF-22ABC93CD91D}
		{CB513B4C-AE7C-4CF0-A501-392CD3ECE544} = {ACE3E04F-695D-4E21-B2F8-8F2DC84FED10}
		{A69AEB25-0BD2-46D5-B037-1DC4C80CB597} = {ACE3E04F-695D-4E21-B2F8-8F2DC84FED10}
		{F30B40F9-AC67-4B6D-A6E1-21DFCD9E6037} = {6584D98A-8382-404B-A6CF-22ABC93CD91D}
		{078EAA4D-5DC9-4AB0-84EC-B911EC43A1D5} = {14F68359-6F9C-4F04-8CE8-8F390EBCE5D2}
		{A122E35E-1E13-44A1-BC32-F6614037FB5B} = {14F68359-6F9C-4F04-8CE8-8F390EBCE5D2}
		{6E0CCB21-CABF-466E-810B-4A3DAA61D22D} = {A122E35E-1E13-44A1-BC32-F6614037FB5B}
		{50C36B63-7E22-4F4C-A5FB-1733A9869B45} = {ACE3E04F-695D-4E21-B2F8-8F2DC84FED10}
		{6584D98A-8382-404B-A6CF-22ABC93CD91D} = {9B77AC4D-D48C-4846-81D5-2849BC536BFF}
		{CB70845D-572D-40F5-BDBE-BDA4D9C62F29} = {9B77AC4D-D48C-4846-81D5-2849BC536BFF}
		{ACE3E04F-695D-4E21-B2F8-8F2DC84FED10} = {9B77AC4D-D48C-4846-81D5-2849BC536BFF}
		{C05B8496-2205-4388-B461-8E954F6624D9} = {9B77AC4D-D48C-4846-81D5-2849BC536BFF}
		{2A216AF0-CAD0-43F5-BBD3-16DD3BAA3475} = {9B77AC4D-D48C-4846-81D5-2849BC536BFF}
		{1C232DAE-965C-4C2F-95C7-035A0AB8BEE6} = {2A216AF0-CAD0-43F5-BBD3-16DD3BAA3475}
		{C162DBB9-0133-48BD-94C5-2BC5EE9E178B} = {CB70845D-572D-40F5-BDBE-BDA4D9C62F29}
		{734F7F6A-7D2E-4FAC-AFF1-455ED6CAB43D} = {C05B8496-2205-4388-B461-8E954F6624D9}
		{5E28C7CF-5F72-4DBC-BC1E-08DCF7E76630} = {C05B8496-2205-4388-B461-8E954F6624D9}
	EndGlobalSection
	GlobalSection(ExtensibilityGlobals) = postSolution
		SolutionGuid = {43CA924A-CA55-4407-AF18-71E78E935ECE}
	EndGlobalSection
EndGlobal
