
Microsoft Visual Studio Solution File, Format Version 12.00
# Visual Studio Version 17
VisualStudioVersion = 17.7.34009.444
MinimumVisualStudioVersion = 10.0.40219.1
Project("{9A19103F-16F7-4668-BE54-9A1E7A4F7556}") = "Arbiter", "Recipients\Arbiters\Arbiter\Arbiter.csproj", "{6E0CCB21-CABF-466E-810B-4A3DAA61D22D}"
EndProject
Project("{9A19103F-16F7-4668-BE54-9A1E7A4F7556}") = "Match", "Match\Match.csproj", "{5CAA5F46-FCA3-454C-A0F6-2506A592DC59}"
EndProject
Project("{9A19103F-16F7-4668-BE54-9A1E7A4F7556}") = "Human Player", "Recipients\Players\Human Player\Human Player.csproj", "{1983C506-0C61-4FE7-81B0-9B806B52D4BF}"
EndProject
Project("{9A19103F-16F7-4668-BE54-9A1E7A4F7556}") = "Computer Player", "Recipients\Players\Computer Player\Computer Player.csproj", "{36F745EE-0357-446D-A344-139338317BCA}"
EndProject
Project("{9A19103F-16F7-4668-BE54-9A1E7A4F7556}") = "Match Data Model", "Match Data Model\Match Data Model.csproj", "{613849F3-7CD4-43C8-84CB-712DF05FC61C}"
EndProject
Project("{2150E333-8FDC-42A3-9474-1A3956D46DE8}") = "Recipients", "Recipients", "{881F7A0C-2C95-4349-A63C-6AA99C3D1D04}"
EndProject
Project("{2150E333-8FDC-42A3-9474-1A3956D46DE8}") = "Arbiters", "Arbiters", "{A44C9F66-C53F-4FE4-8C0E-F60434AF85B9}"
EndProject
Project("{2150E333-8FDC-42A3-9474-1A3956D46DE8}") = "Players", "Players", "{B2AF51F0-81F5-446F-BEAD-E902F6122DDE}"
EndProject
Project("{9A19103F-16F7-4668-BE54-9A1E7A4F7556}") = "Computer Player Test Project", "Recipients\Players\Computer Player Test Project\Computer Player Test Project.csproj", "{E4365A54-7DE0-4CAF-B61B-321CF282AEEB}"
EndProject
Project("{9A19103F-16F7-4668-BE54-9A1E7A4F7556}") = "Demo", "..\Demo\Demo.csproj", "{B580D54F-8A7A-49BD-9A66-453EF39366A5}"
EndProject
Project("{FAE04EC0-301F-11D3-BF4B-00C04F79EFBC}") = "Message System Design Pattern", "Message System Design Pattern\Message System Design Pattern.csproj", "{64723A0B-24FE-4EA2-9E8B-65576E6302BE}"
EndProject
Global
	GlobalSection(SolutionConfigurationPlatforms) = preSolution
		Debug|Any CPU = Debug|Any CPU
		Release|Any CPU = Release|Any CPU
	EndGlobalSection
	GlobalSection(ProjectConfigurationPlatforms) = postSolution
		{6E0CCB21-CABF-466E-810B-4A3DAA61D22D}.Debug|Any CPU.ActiveCfg = Debug|Any CPU
		{6E0CCB21-CABF-466E-810B-4A3DAA61D22D}.Debug|Any CPU.Build.0 = Debug|Any CPU
		{6E0CCB21-CABF-466E-810B-4A3DAA61D22D}.Release|Any CPU.ActiveCfg = Release|Any CPU
		{6E0CCB21-CABF-466E-810B-4A3DAA61D22D}.Release|Any CPU.Build.0 = Release|Any CPU
		{5CAA5F46-FCA3-454C-A0F6-2506A592DC59}.Debug|Any CPU.ActiveCfg = Debug|Any CPU
		{5CAA5F46-FCA3-454C-A0F6-2506A592DC59}.Debug|Any CPU.Build.0 = Debug|Any CPU
		{5CAA5F46-FCA3-454C-A0F6-2506A592DC59}.Release|Any CPU.ActiveCfg = Release|Any CPU
		{5CAA5F46-FCA3-454C-A0F6-2506A592DC59}.Release|Any CPU.Build.0 = Release|Any CPU
		{1983C506-0C61-4FE7-81B0-9B806B52D4BF}.Debug|Any CPU.ActiveCfg = Debug|Any CPU
		{1983C506-0C61-4FE7-81B0-9B806B52D4BF}.Debug|Any CPU.Build.0 = Debug|Any CPU
		{1983C506-0C61-4FE7-81B0-9B806B52D4BF}.Release|Any CPU.ActiveCfg = Release|Any CPU
		{1983C506-0C61-4FE7-81B0-9B806B52D4BF}.Release|Any CPU.Build.0 = Release|Any CPU
		{36F745EE-0357-446D-A344-139338317BCA}.Debug|Any CPU.ActiveCfg = Debug|Any CPU
		{36F745EE-0357-446D-A344-139338317BCA}.Debug|Any CPU.Build.0 = Debug|Any CPU
		{36F745EE-0357-446D-A344-139338317BCA}.Release|Any CPU.ActiveCfg = Release|Any CPU
		{36F745EE-0357-446D-A344-139338317BCA}.Release|Any CPU.Build.0 = Release|Any CPU
		{613849F3-7CD4-43C8-84CB-712DF05FC61C}.Debug|Any CPU.ActiveCfg = Debug|Any CPU
		{613849F3-7CD4-43C8-84CB-712DF05FC61C}.Debug|Any CPU.Build.0 = Debug|Any CPU
		{613849F3-7CD4-43C8-84CB-712DF05FC61C}.Release|Any CPU.ActiveCfg = Release|Any CPU
		{613849F3-7CD4-43C8-84CB-712DF05FC61C}.Release|Any CPU.Build.0 = Release|Any CPU
		{E4365A54-7DE0-4CAF-B61B-321CF282AEEB}.Debug|Any CPU.ActiveCfg = Debug|Any CPU
		{E4365A54-7DE0-4CAF-B61B-321CF282AEEB}.Debug|Any CPU.Build.0 = Debug|Any CPU
		{E4365A54-7DE0-4CAF-B61B-321CF282AEEB}.Release|Any CPU.ActiveCfg = Release|Any CPU
		{E4365A54-7DE0-4CAF-B61B-321CF282AEEB}.Release|Any CPU.Build.0 = Release|Any CPU
		{B580D54F-8A7A-49BD-9A66-453EF39366A5}.Debug|Any CPU.ActiveCfg = Debug|Any CPU
		{B580D54F-8A7A-49BD-9A66-453EF39366A5}.Debug|Any CPU.Build.0 = Debug|Any CPU
		{B580D54F-8A7A-49BD-9A66-453EF39366A5}.Release|Any CPU.ActiveCfg = Release|Any CPU
		{B580D54F-8A7A-49BD-9A66-453EF39366A5}.Release|Any CPU.Build.0 = Release|Any CPU
		{64723A0B-24FE-4EA2-9E8B-65576E6302BE}.Debug|Any CPU.ActiveCfg = Debug|Any CPU
		{64723A0B-24FE-4EA2-9E8B-65576E6302BE}.Debug|Any CPU.Build.0 = Debug|Any CPU
		{64723A0B-24FE-4EA2-9E8B-65576E6302BE}.Release|Any CPU.ActiveCfg = Release|Any CPU
		{64723A0B-24FE-4EA2-9E8B-65576E6302BE}.Release|Any CPU.Build.0 = Release|Any CPU
	EndGlobalSection
	GlobalSection(SolutionProperties) = preSolution
		HideSolutionNode = FALSE
	EndGlobalSection
	GlobalSection(NestedProjects) = preSolution
		{6E0CCB21-CABF-466E-810B-4A3DAA61D22D} = {A44C9F66-C53F-4FE4-8C0E-F60434AF85B9}
		{1983C506-0C61-4FE7-81B0-9B806B52D4BF} = {B2AF51F0-81F5-446F-BEAD-E902F6122DDE}
		{36F745EE-0357-446D-A344-139338317BCA} = {B2AF51F0-81F5-446F-BEAD-E902F6122DDE}
		{A44C9F66-C53F-4FE4-8C0E-F60434AF85B9} = {881F7A0C-2C95-4349-A63C-6AA99C3D1D04}
		{B2AF51F0-81F5-446F-BEAD-E902F6122DDE} = {881F7A0C-2C95-4349-A63C-6AA99C3D1D04}
		{E4365A54-7DE0-4CAF-B61B-321CF282AEEB} = {B2AF51F0-81F5-446F-BEAD-E902F6122DDE}
	EndGlobalSection
	GlobalSection(ExtensibilityGlobals) = postSolution
		SolutionGuid = {43CA924A-CA55-4407-AF18-71E78E935ECE}
	EndGlobalSection
EndGlobal
